
Microsoft Visual Studio Solution File, Format Version 12.00
# Visual Studio Version 17
VisualStudioVersion = 17.10.34928.147
MinimumVisualStudioVersion = 10.0.40219.1
Project("{FAE04EC0-301F-11D3-BF4B-00C04F79EFBC}") = "SimpleNoteLocker.Core", "SimpleNoteLocker.Core.csproj", "{B9129C13-4585-4B62-B183-B06270FA0F6E}"
EndProject
Project("{FAE04EC0-301F-11D3-BF4B-00C04F79EFBC}") = "SimpleNoteLocker.App", "..\SimpleNoteLocker.App\SimpleNoteLocker.App.csproj", "{A1258A5B-50E7-43DB-B081-E8BC5123037A}"
EndProject
Project("{FAE04EC0-301F-11D3-BF4B-00C04F79EFBC}") = "SimpleNoteLocker.Tests", "..\SimpleNoteLocker.Tests\SimpleNoteLocker.Tests.csproj", "{FD6197EF-5E21-4B4E-8982-4AA6BE2069AC}"
EndProject
Global
	GlobalSection(SolutionConfigurationPlatforms) = preSolution
		Debug|Any CPU = Debug|Any CPU
		Release|Any CPU = Release|Any CPU
	EndGlobalSection
	GlobalSection(ProjectConfigurationPlatforms) = postSolution
		{B9129C13-4585-4B62-B183-B06270FA0F6E}.Debug|Any CPU.ActiveCfg = Debug|Any CPU
		{B9129C13-4585-4B62-B183-B06270FA0F6E}.Debug|Any CPU.Build.0 = Debug|Any CPU
		{B9129C13-4585-4B62-B183-B06270FA0F6E}.Release|Any CPU.ActiveCfg = Release|Any CPU
		{B9129C13-4585-4B62-B183-B06270FA0F6E}.Release|Any CPU.Build.0 = Release|Any CPU
		{A1258A5B-50E7-43DB-B081-E8BC5123037A}.Debug|Any CPU.ActiveCfg = Debug|Any CPU
		{A1258A5B-50E7-43DB-B081-E8BC5123037A}.Debug|Any CPU.Build.0 = Debug|Any CPU
		{A1258A5B-50E7-43DB-B081-E8BC5123037A}.Release|Any CPU.ActiveCfg = Release|Any CPU
		{A1258A5B-50E7-43DB-B081-E8BC5123037A}.Release|Any CPU.Build.0 = Release|Any CPU
		{FD6197EF-5E21-4B4E-8982-4AA6BE2069AC}.Debug|Any CPU.ActiveCfg = Debug|Any CPU
		{FD6197EF-5E21-4B4E-8982-4AA6BE2069AC}.Debug|Any CPU.Build.0 = Debug|Any CPU
		{FD6197EF-5E21-4B4E-8982-4AA6BE2069AC}.Release|Any CPU.ActiveCfg = Release|Any CPU
		{FD6197EF-5E21-4B4E-8982-4AA6BE2069AC}.Release|Any CPU.Build.0 = Release|Any CPU
	EndGlobalSection
	GlobalSection(SolutionProperties) = preSolution
		HideSolutionNode = FALSE
	EndGlobalSection
	GlobalSection(ExtensibilityGlobals) = postSolution
		SolutionGuid = {C2F55F5E-6648-4599-9458-04FB32830046}
	EndGlobalSection
EndGlobal
